
Microsoft Visual Studio Solution File, Format Version 12.00
# Visual Studio 2012
Project("{FAE04EC0-301F-11D3-BF4B-00C04F79EFBC}") = "Classy", "Classy\Classy.csproj", "{9A7A69EC-60CE-4279-82A8-43D88AC38BFF}"
EndProject
Global
	GlobalSection(SolutionConfigurationPlatforms) = preSolution
		Debug|x86 = Debug|x86
		Release|x86 = Release|x86
	EndGlobalSection
	GlobalSection(ProjectConfigurationPlatforms) = postSolution
		{9A7A69EC-60CE-4279-82A8-43D88AC38BFF}.Debug|x86.ActiveCfg = Debug|x86
		{9A7A69EC-60CE-4279-82A8-43D88AC38BFF}.Debug|x86.Build.0 = Debug|x86
		{9A7A69EC-60CE-4279-82A8-43D88AC38BFF}.Release|x86.ActiveCfg = Release|x86
		{9A7A69EC-60CE-4279-82A8-43D88AC38BFF}.Release|x86.Build.0 = Release|x86
	EndGlobalSection
EndGlobal
